
Microsoft Visual Studio Solution File, Format Version 12.00
# Visual Studio 15
VisualStudioVersion = 15.0.27130.2010
MinimumVisualStudioVersion = 10.0.40219.1
Project("{FAE04EC0-301F-11D3-BF4B-00C04F79EFBC}") = "ProjectOneFortuneTeller", "ProjectOneFortuneTeller\ProjectOneFortuneTeller.csproj", "{3FA3323A-5FEA-4DF1-839F-5675BFD5AD09}"
EndProject
Global
	GlobalSection(SolutionConfigurationPlatforms) = preSolution
		Debug|Any CPU = Debug|Any CPU
		Release|Any CPU = Release|Any CPU
	EndGlobalSection
	GlobalSection(ProjectConfigurationPlatforms) = postSolution
		{3FA3323A-5FEA-4DF1-839F-5675BFD5AD09}.Debug|Any CPU.ActiveCfg = Debug|Any CPU
		{3FA3323A-5FEA-4DF1-839F-5675BFD5AD09}.Debug|Any CPU.Build.0 = Debug|Any CPU
		{3FA3323A-5FEA-4DF1-839F-5675BFD5AD09}.Release|Any CPU.ActiveCfg = Release|Any CPU
		{3FA3323A-5FEA-4DF1-839F-5675BFD5AD09}.Release|Any CPU.Build.0 = Release|Any CPU
	EndGlobalSection
	GlobalSection(SolutionProperties) = preSolution
		HideSolutionNode = FALSE
	EndGlobalSection
	GlobalSection(ExtensibilityGlobals) = postSolution
		SolutionGuid = {3C3BB56D-560E-4858-BC82-F437D94FDBE9}
	EndGlobalSection
EndGlobal
